
Microsoft Visual Studio Solution File, Format Version 12.00
# Visual Studio Version 16
VisualStudioVersion = 16.0.29519.87
MinimumVisualStudioVersion = 10.0.40219.1
Project("{FAE04EC0-301F-11D3-BF4B-00C04F79EFBC}") = "rasterKleurenMethodes", "rasterKleurenMethodes\rasterKleurenMethodes.csproj", "{FC686B72-726A-4826-9860-B4674043A818}"
EndProject
Global
	GlobalSection(SolutionConfigurationPlatforms) = preSolution
		Debug|Any CPU = Debug|Any CPU
		Release|Any CPU = Release|Any CPU
	EndGlobalSection
	GlobalSection(ProjectConfigurationPlatforms) = postSolution
		{FC686B72-726A-4826-9860-B4674043A818}.Debug|Any CPU.ActiveCfg = Debug|Any CPU
		{FC686B72-726A-4826-9860-B4674043A818}.Debug|Any CPU.Build.0 = Debug|Any CPU
		{FC686B72-726A-4826-9860-B4674043A818}.Release|Any CPU.ActiveCfg = Release|Any CPU
		{FC686B72-726A-4826-9860-B4674043A818}.Release|Any CPU.Build.0 = Release|Any CPU
	EndGlobalSection
	GlobalSection(SolutionProperties) = preSolution
		HideSolutionNode = FALSE
	EndGlobalSection
	GlobalSection(ExtensibilityGlobals) = postSolution
		SolutionGuid = {C9BC224A-E215-4130-9BC9-8D5DB2995202}
	EndGlobalSection
EndGlobal
