
Microsoft Visual Studio Solution File, Format Version 12.00
# Visual Studio Version 16
VisualStudioVersion = 16.0.29509.3
MinimumVisualStudioVersion = 10.0.40219.1
Project("{FAE04EC0-301F-11D3-BF4B-00C04F79EFBC}") = "quest1", "quest1.csproj", "{372ECB82-C34A-4C66-9009-79C90B07550C}"
EndProject
Global
	GlobalSection(SolutionConfigurationPlatforms) = preSolution
		Debug|Any CPU = Debug|Any CPU
		Release|Any CPU = Release|Any CPU
	EndGlobalSection
	GlobalSection(ProjectConfigurationPlatforms) = postSolution
		{372ECB82-C34A-4C66-9009-79C90B07550C}.Debug|Any CPU.ActiveCfg = Debug|Any CPU
		{372ECB82-C34A-4C66-9009-79C90B07550C}.Debug|Any CPU.Build.0 = Debug|Any CPU
		{372ECB82-C34A-4C66-9009-79C90B07550C}.Release|Any CPU.ActiveCfg = Release|Any CPU
		{372ECB82-C34A-4C66-9009-79C90B07550C}.Release|Any CPU.Build.0 = Release|Any CPU
	EndGlobalSection
	GlobalSection(SolutionProperties) = preSolution
		HideSolutionNode = FALSE
	EndGlobalSection
	GlobalSection(ExtensibilityGlobals) = postSolution
		SolutionGuid = {C95BD8BE-B21C-4115-8820-3847EFF0F27F}
	EndGlobalSection
EndGlobal
