
Microsoft Visual Studio Solution File, Format Version 12.00
# Visual Studio Version 16
VisualStudioVersion = 16.0.29306.81
MinimumVisualStudioVersion = 10.0.40219.1
Project("{FAE04EC0-301F-11D3-BF4B-00C04F79EFBC}") = "ArrayVullen", "ArrayVullen.csproj", "{2F7FE08D-BAE4-4D7A-BC7C-387240868DA2}"
EndProject
Global
	GlobalSection(SolutionConfigurationPlatforms) = preSolution
		Debug|Any CPU = Debug|Any CPU
		Release|Any CPU = Release|Any CPU
	EndGlobalSection
	GlobalSection(ProjectConfigurationPlatforms) = postSolution
		{2F7FE08D-BAE4-4D7A-BC7C-387240868DA2}.Debug|Any CPU.ActiveCfg = Debug|Any CPU
		{2F7FE08D-BAE4-4D7A-BC7C-387240868DA2}.Debug|Any CPU.Build.0 = Debug|Any CPU
		{2F7FE08D-BAE4-4D7A-BC7C-387240868DA2}.Release|Any CPU.ActiveCfg = Release|Any CPU
		{2F7FE08D-BAE4-4D7A-BC7C-387240868DA2}.Release|Any CPU.Build.0 = Release|Any CPU
	EndGlobalSection
	GlobalSection(SolutionProperties) = preSolution
		HideSolutionNode = FALSE
	EndGlobalSection
	GlobalSection(ExtensibilityGlobals) = postSolution
		SolutionGuid = {0B1EF315-ADDB-4BC9-A968-98FA2B023A09}
	EndGlobalSection
EndGlobal
