{
  "name": "example",
  "version": "1.0.0",
  "lockfileVersion": 1,
  "requires": true,
  "dependencies": {
    "hello-npm-by-arthurdw": {
      "version": "0.0.2",
      "resolved": "https://registry.npmjs.org/hello-npm-by-arthurdw/-/hello-npm-by-arthurdw-0.0.2.tgz",
      "integrity": "sha512-kKHDLE1NsOL5Vsj+AuN7OnuOAKilIOhymvgNqUMjIHwb7BVgUPUgCls+DkDVuN5fJn2+vN29LaZv5fk98LUvBQ=="
    }
  }
}
