
Microsoft Visual Studio Solution File, Format Version 12.00
# Visual Studio Version 16
VisualStudioVersion = 16.0.29306.81
MinimumVisualStudioVersion = 10.0.40219.1
Project("{FAE04EC0-301F-11D3-BF4B-00C04F79EFBC}") = "BladSteenSchaar", "BladSteenSchaar.csproj", "{7B901CB8-7291-4248-8D7F-7C3C194EBB21}"
EndProject
Global
	GlobalSection(SolutionConfigurationPlatforms) = preSolution
		Debug|Any CPU = Debug|Any CPU
		Release|Any CPU = Release|Any CPU
	EndGlobalSection
	GlobalSection(ProjectConfigurationPlatforms) = postSolution
		{7B901CB8-7291-4248-8D7F-7C3C194EBB21}.Debug|Any CPU.ActiveCfg = Debug|Any CPU
		{7B901CB8-7291-4248-8D7F-7C3C194EBB21}.Debug|Any CPU.Build.0 = Debug|Any CPU
		{7B901CB8-7291-4248-8D7F-7C3C194EBB21}.Release|Any CPU.ActiveCfg = Release|Any CPU
		{7B901CB8-7291-4248-8D7F-7C3C194EBB21}.Release|Any CPU.Build.0 = Release|Any CPU
	EndGlobalSection
	GlobalSection(SolutionProperties) = preSolution
		HideSolutionNode = FALSE
	EndGlobalSection
	GlobalSection(ExtensibilityGlobals) = postSolution
		SolutionGuid = {9CFDEFC5-CCE2-42B7-8054-EA1C7860E8D0}
	EndGlobalSection
EndGlobal
