
Microsoft Visual Studio Solution File, Format Version 12.00
# Visual Studio Version 16
VisualStudioVersion = 16.0.29306.81
MinimumVisualStudioVersion = 10.0.40219.1
Project("{FAE04EC0-301F-11D3-BF4B-00C04F79EFBC}") = "afbeeldingen", "afbeeldingen.csproj", "{F4890F47-998B-457D-979C-42700033755D}"
EndProject
Global
	GlobalSection(SolutionConfigurationPlatforms) = preSolution
		Debug|Any CPU = Debug|Any CPU
		Release|Any CPU = Release|Any CPU
	EndGlobalSection
	GlobalSection(ProjectConfigurationPlatforms) = postSolution
		{F4890F47-998B-457D-979C-42700033755D}.Debug|Any CPU.ActiveCfg = Debug|Any CPU
		{F4890F47-998B-457D-979C-42700033755D}.Debug|Any CPU.Build.0 = Debug|Any CPU
		{F4890F47-998B-457D-979C-42700033755D}.Release|Any CPU.ActiveCfg = Release|Any CPU
		{F4890F47-998B-457D-979C-42700033755D}.Release|Any CPU.Build.0 = Release|Any CPU
	EndGlobalSection
	GlobalSection(SolutionProperties) = preSolution
		HideSolutionNode = FALSE
	EndGlobalSection
	GlobalSection(ExtensibilityGlobals) = postSolution
		SolutionGuid = {C938343B-62D6-4FC5-B43F-638F8347E371}
	EndGlobalSection
EndGlobal
