
Microsoft Visual Studio Solution File, Format Version 12.00
# Visual Studio Version 16
VisualStudioVersion = 16.0.29306.81
MinimumVisualStudioVersion = 10.0.40219.1
Project("{FAE04EC0-301F-11D3-BF4B-00C04F79EFBC}") = "Bacterien", "Bacterien.csproj", "{97531827-C864-459D-8B70-7565B7CF4B2A}"
EndProject
Global
	GlobalSection(SolutionConfigurationPlatforms) = preSolution
		Debug|Any CPU = Debug|Any CPU
		Release|Any CPU = Release|Any CPU
	EndGlobalSection
	GlobalSection(ProjectConfigurationPlatforms) = postSolution
		{97531827-C864-459D-8B70-7565B7CF4B2A}.Debug|Any CPU.ActiveCfg = Debug|Any CPU
		{97531827-C864-459D-8B70-7565B7CF4B2A}.Debug|Any CPU.Build.0 = Debug|Any CPU
		{97531827-C864-459D-8B70-7565B7CF4B2A}.Release|Any CPU.ActiveCfg = Release|Any CPU
		{97531827-C864-459D-8B70-7565B7CF4B2A}.Release|Any CPU.Build.0 = Release|Any CPU
	EndGlobalSection
	GlobalSection(SolutionProperties) = preSolution
		HideSolutionNode = FALSE
	EndGlobalSection
	GlobalSection(ExtensibilityGlobals) = postSolution
		SolutionGuid = {EC7CCAA2-B7EA-458A-B0CB-D8C944DA970C}
	EndGlobalSection
EndGlobal
