
Microsoft Visual Studio Solution File, Format Version 12.00
# Visual Studio Version 16
VisualStudioVersion = 16.0.29306.81
MinimumVisualStudioVersion = 10.0.40219.1
Project("{FAE04EC0-301F-11D3-BF4B-00C04F79EFBC}") = "PROJECT 2 TEKENING", "PROJECT 2 TEKENING.csproj", "{9265815C-E42F-4267-81E9-994A03EF7E73}"
EndProject
Global
	GlobalSection(SolutionConfigurationPlatforms) = preSolution
		Debug|Any CPU = Debug|Any CPU
		Release|Any CPU = Release|Any CPU
	EndGlobalSection
	GlobalSection(ProjectConfigurationPlatforms) = postSolution
		{9265815C-E42F-4267-81E9-994A03EF7E73}.Debug|Any CPU.ActiveCfg = Debug|Any CPU
		{9265815C-E42F-4267-81E9-994A03EF7E73}.Debug|Any CPU.Build.0 = Debug|Any CPU
		{9265815C-E42F-4267-81E9-994A03EF7E73}.Release|Any CPU.ActiveCfg = Release|Any CPU
		{9265815C-E42F-4267-81E9-994A03EF7E73}.Release|Any CPU.Build.0 = Release|Any CPU
	EndGlobalSection
	GlobalSection(SolutionProperties) = preSolution
		HideSolutionNode = FALSE
	EndGlobalSection
	GlobalSection(ExtensibilityGlobals) = postSolution
		SolutionGuid = {22E5BE06-F5FC-4A2C-B599-91B2741C99E6}
	EndGlobalSection
EndGlobal
