
Microsoft Visual Studio Solution File, Format Version 12.00
# Visual Studio Version 16
VisualStudioVersion = 16.0.30011.22
MinimumVisualStudioVersion = 10.0.40219.1
Project("{FAE04EC0-301F-11D3-BF4B-00C04F79EFBC}") = "BeoordelenSchoenOPDR", "BeoordelenSchoenOPDR.csproj", "{EEF14F28-9FF5-48BD-9082-2DC4F2B135D2}"
EndProject
Global
	GlobalSection(SolutionConfigurationPlatforms) = preSolution
		Debug|Any CPU = Debug|Any CPU
		Release|Any CPU = Release|Any CPU
	EndGlobalSection
	GlobalSection(ProjectConfigurationPlatforms) = postSolution
		{EEF14F28-9FF5-48BD-9082-2DC4F2B135D2}.Debug|Any CPU.ActiveCfg = Debug|Any CPU
		{EEF14F28-9FF5-48BD-9082-2DC4F2B135D2}.Debug|Any CPU.Build.0 = Debug|Any CPU
		{EEF14F28-9FF5-48BD-9082-2DC4F2B135D2}.Release|Any CPU.ActiveCfg = Release|Any CPU
		{EEF14F28-9FF5-48BD-9082-2DC4F2B135D2}.Release|Any CPU.Build.0 = Release|Any CPU
	EndGlobalSection
	GlobalSection(SolutionProperties) = preSolution
		HideSolutionNode = FALSE
	EndGlobalSection
	GlobalSection(ExtensibilityGlobals) = postSolution
		SolutionGuid = {45954174-284D-4AF6-9F35-B70F4EFB87EF}
	EndGlobalSection
EndGlobal
