
Microsoft Visual Studio Solution File, Format Version 12.00
# Visual Studio Version 16
VisualStudioVersion = 16.0.30611.23
MinimumVisualStudioVersion = 10.0.40219.1
Project("{FAE04EC0-301F-11D3-BF4B-00C04F79EFBC}") = "Server", "Server.csproj", "{669B44FD-ACC1-4877-B24C-CA8FB0D4259A}"
EndProject
Global
	GlobalSection(SolutionConfigurationPlatforms) = preSolution
		Debug|Any CPU = Debug|Any CPU
		Release|Any CPU = Release|Any CPU
	EndGlobalSection
	GlobalSection(ProjectConfigurationPlatforms) = postSolution
		{669B44FD-ACC1-4877-B24C-CA8FB0D4259A}.Debug|Any CPU.ActiveCfg = Debug|Any CPU
		{669B44FD-ACC1-4877-B24C-CA8FB0D4259A}.Debug|Any CPU.Build.0 = Debug|Any CPU
		{669B44FD-ACC1-4877-B24C-CA8FB0D4259A}.Release|Any CPU.ActiveCfg = Release|Any CPU
		{669B44FD-ACC1-4877-B24C-CA8FB0D4259A}.Release|Any CPU.Build.0 = Release|Any CPU
	EndGlobalSection
	GlobalSection(SolutionProperties) = preSolution
		HideSolutionNode = FALSE
	EndGlobalSection
	GlobalSection(ExtensibilityGlobals) = postSolution
		SolutionGuid = {404C7E74-1330-4794-9567-ABD5197F60FA}
	EndGlobalSection
EndGlobal
