
Microsoft Visual Studio Solution File, Format Version 12.00
# Visual Studio Version 16
VisualStudioVersion = 16.0.29306.81
MinimumVisualStudioVersion = 10.0.40219.1
Project("{FAE04EC0-301F-11D3-BF4B-00C04F79EFBC}") = "Konijn", "Konijn.csproj", "{08A46E3F-974C-42D1-83E8-21C57B2FAC86}"
EndProject
Global
	GlobalSection(SolutionConfigurationPlatforms) = preSolution
		Debug|Any CPU = Debug|Any CPU
		Release|Any CPU = Release|Any CPU
	EndGlobalSection
	GlobalSection(ProjectConfigurationPlatforms) = postSolution
		{08A46E3F-974C-42D1-83E8-21C57B2FAC86}.Debug|Any CPU.ActiveCfg = Debug|Any CPU
		{08A46E3F-974C-42D1-83E8-21C57B2FAC86}.Debug|Any CPU.Build.0 = Debug|Any CPU
		{08A46E3F-974C-42D1-83E8-21C57B2FAC86}.Release|Any CPU.ActiveCfg = Release|Any CPU
		{08A46E3F-974C-42D1-83E8-21C57B2FAC86}.Release|Any CPU.Build.0 = Release|Any CPU
	EndGlobalSection
	GlobalSection(SolutionProperties) = preSolution
		HideSolutionNode = FALSE
	EndGlobalSection
	GlobalSection(ExtensibilityGlobals) = postSolution
		SolutionGuid = {D1B7929D-6B3F-4401-B7B1-870146BE1B93}
	EndGlobalSection
EndGlobal
