
Microsoft Visual Studio Solution File, Format Version 12.00
# Visual Studio Version 16
VisualStudioVersion = 16.0.30907.101
MinimumVisualStudioVersion = 10.0.40219.1
Project("{FAE04EC0-301F-11D3-BF4B-00C04F79EFBC}") = "MultiThreading", "MultiThreading.csproj", "{906945E2-8BF4-4263-ABDF-D65EB86BCEA8}"
EndProject
Global
	GlobalSection(SolutionConfigurationPlatforms) = preSolution
		Debug|Any CPU = Debug|Any CPU
		Release|Any CPU = Release|Any CPU
	EndGlobalSection
	GlobalSection(ProjectConfigurationPlatforms) = postSolution
		{906945E2-8BF4-4263-ABDF-D65EB86BCEA8}.Debug|Any CPU.ActiveCfg = Debug|Any CPU
		{906945E2-8BF4-4263-ABDF-D65EB86BCEA8}.Debug|Any CPU.Build.0 = Debug|Any CPU
		{906945E2-8BF4-4263-ABDF-D65EB86BCEA8}.Release|Any CPU.ActiveCfg = Release|Any CPU
		{906945E2-8BF4-4263-ABDF-D65EB86BCEA8}.Release|Any CPU.Build.0 = Release|Any CPU
	EndGlobalSection
	GlobalSection(SolutionProperties) = preSolution
		HideSolutionNode = FALSE
	EndGlobalSection
	GlobalSection(ExtensibilityGlobals) = postSolution
		SolutionGuid = {3673BFD3-4152-4FDD-A8A2-5945C359CC06}
	EndGlobalSection
EndGlobal
